
Microsoft Visual Studio Solution File, Format Version 12.00
# Visual Studio Version 16
VisualStudioVersion = 16.0.31911.196
MinimumVisualStudioVersion = 10.0.40219.1
Project("{FAE04EC0-301F-11D3-BF4B-00C04F79EFBC}") = "week 7", "week 7\week 7.csproj", "{072AFD79-A3D4-4CDB-BD84-C163EE5B9911}"
EndProject
Global
	GlobalSection(SolutionConfigurationPlatforms) = preSolution
		Debug|Any CPU = Debug|Any CPU
		Release|Any CPU = Release|Any CPU
	EndGlobalSection
	GlobalSection(ProjectConfigurationPlatforms) = postSolution
		{072AFD79-A3D4-4CDB-BD84-C163EE5B9911}.Debug|Any CPU.ActiveCfg = Debug|Any CPU
		{072AFD79-A3D4-4CDB-BD84-C163EE5B9911}.Debug|Any CPU.Build.0 = Debug|Any CPU
		{072AFD79-A3D4-4CDB-BD84-C163EE5B9911}.Release|Any CPU.ActiveCfg = Release|Any CPU
		{072AFD79-A3D4-4CDB-BD84-C163EE5B9911}.Release|Any CPU.Build.0 = Release|Any CPU
	EndGlobalSection
	GlobalSection(SolutionProperties) = preSolution
		HideSolutionNode = FALSE
	EndGlobalSection
	GlobalSection(ExtensibilityGlobals) = postSolution
		SolutionGuid = {D08EEFAB-B3C3-44CC-B6C6-38A8A68CC2E0}
	EndGlobalSection
EndGlobal
